
Microsoft Visual Studio Solution File, Format Version 12.00
# Visual Studio Version 17
VisualStudioVersion = 17.14.36301.6 d17.14
MinimumVisualStudioVersion = 10.0.40219.1
Project("{FAE04EC0-301F-11D3-BF4B-00C04F79EFBC}") = "SignalRTest", "SignalRTest.csproj", "{E33561CF-F709-4B34-862A-CCDDD994BEAC}"
EndProject
Global
	GlobalSection(SolutionConfigurationPlatforms) = preSolution
		Debug|Any CPU = Debug|Any CPU
		Release|Any CPU = Release|Any CPU
	EndGlobalSection
	GlobalSection(ProjectConfigurationPlatforms) = postSolution
		{E33561CF-F709-4B34-862A-CCDDD994BEAC}.Debug|Any CPU.ActiveCfg = Debug|Any CPU
		{E33561CF-F709-4B34-862A-CCDDD994BEAC}.Debug|Any CPU.Build.0 = Debug|Any CPU
		{E33561CF-F709-4B34-862A-CCDDD994BEAC}.Release|Any CPU.ActiveCfg = Release|Any CPU
		{E33561CF-F709-4B34-862A-CCDDD994BEAC}.Release|Any CPU.Build.0 = Release|Any CPU
	EndGlobalSection
	GlobalSection(SolutionProperties) = preSolution
		HideSolutionNode = FALSE
	EndGlobalSection
	GlobalSection(ExtensibilityGlobals) = postSolution
		SolutionGuid = {590CB44C-3D4B-470C-88D3-BB607FE793EA}
	EndGlobalSection
EndGlobal
